
Microsoft Visual Studio Solution File, Format Version 12.00
# Visual Studio Version 16
VisualStudioVersion = 16.0.29025.244
MinimumVisualStudioVersion = 10.0.40219.1
Project("{888888A0-9F3D-457C-B088-3A5042F75D52}") = "CV", "CV\CV.pyproj", "{026F1A56-C54B-49DC-A461-01DCDC2749FE}"
EndProject
Global
	GlobalSection(SolutionConfigurationPlatforms) = preSolution
		Debug|Any CPU = Debug|Any CPU
		Release|Any CPU = Release|Any CPU
	EndGlobalSection
	GlobalSection(ProjectConfigurationPlatforms) = postSolution
		{026F1A56-C54B-49DC-A461-01DCDC2749FE}.Debug|Any CPU.ActiveCfg = Debug|Any CPU
		{026F1A56-C54B-49DC-A461-01DCDC2749FE}.Release|Any CPU.ActiveCfg = Release|Any CPU
	EndGlobalSection
	GlobalSection(SolutionProperties) = preSolution
		HideSolutionNode = FALSE
	EndGlobalSection
	GlobalSection(ExtensibilityGlobals) = postSolution
		SolutionGuid = {A2440B34-526F-4E6B-A9FD-B15FBD652E4C}
	EndGlobalSection
EndGlobal
